
Microsoft Visual Studio Solution File, Format Version 12.00
# Visual Studio 2013
VisualStudioVersion = 12.0.21005.1
MinimumVisualStudioVersion = 10.0.40219.1
Project("{8BC9CEB8-8B4A-11D0-8D11-00A0C91BC942}") = "qsort", "qsort\qsort.vcxproj", "{1BEB74CA-14AA-4738-A164-09DC7B08E59D}"
EndProject
Global
	GlobalSection(SolutionConfigurationPlatforms) = preSolution
		Debug|Win32 = Debug|Win32
		Release|Win32 = Release|Win32
	EndGlobalSection
	GlobalSection(ProjectConfigurationPlatforms) = postSolution
		{1BEB74CA-14AA-4738-A164-09DC7B08E59D}.Debug|Win32.ActiveCfg = Debug|Win32
		{1BEB74CA-14AA-4738-A164-09DC7B08E59D}.Debug|Win32.Build.0 = Debug|Win32
		{1BEB74CA-14AA-4738-A164-09DC7B08E59D}.Release|Win32.ActiveCfg = Release|Win32
		{1BEB74CA-14AA-4738-A164-09DC7B08E59D}.Release|Win32.Build.0 = Release|Win32
	EndGlobalSection
	GlobalSection(SolutionProperties) = preSolution
		HideSolutionNode = FALSE
	EndGlobalSection
EndGlobal
